lockfileVersion: '9.0'

settings:
  autoInstallPeers: true
  excludeLinksFromLockfile: false

importers:

  .:
    dependencies:
      '@sanity/prettier-config':
        specifier: ^2.0.0
        version: 2.0.0(prettier@3.6.1)
      '@sanity/sdk-react':
        specifier: ^2.0.1
        version: 2.0.1(@types/react@19.1.8)(react-dom@19.1.0(react@19.1.0))(react@19.1.0)
      '@types/node':
        specifier: ^24.0.4
        version: 24.0.4
      '@types/react':
        specifier: ^19.1.8
        version: 19.1.8
      dotenv:
        specifier: ^16.5.0
        version: 16.5.0
      ink:
        specifier: ^6.0.1
        version: 6.0.1(@types/react@19.1.8)(react@19.1.0)
      ink-select-input:
        specifier: ^6.2.0
        version: 6.2.0(ink@6.0.1(@types/react@19.1.8)(react@19.1.0))(react@19.1.0)
      react:
        specifier: ^19.1.0
        version: 19.1.0
      tsx:
        specifier: ^4.20.3
        version: 4.20.3
      typescript:
        specifier: ^5.8.3
        version: 5.8.3

packages:

  '@alcalzone/ansi-tokenize@0.1.3':
    resolution: {integrity: sha512-3yWxPTq3UQ/FY9p1ErPxIyfT64elWaMvM9lIHnaqpyft63tkxodF5aUElYHrdisWve5cETkh1+KBw1yJuW0aRw==}
    engines: {node: '>=14.13.1'}

  '@babel/runtime@7.27.6':
    resolution: {integrity: sha512-vbavdySgbTTrmFE+EsiqUTzlOr5bzlnJtUv9PynGCAKvfQqjIXbvFdumPM/GxMDfyuGMJaJAU6TO4zc1Jf1i8Q==}
    engines: {node: '>=6.9.0'}

  '@emnapi/core@1.4.3':
    resolution: {integrity: sha512-4m62DuCE07lw01soJwPiBGC0nAww0Q+RY70VZ+n49yDIO13yyinhbWCeNnaob0lakDtWQzSdtNWzJeOJt2ma+g==}

  '@emnapi/runtime@1.4.3':
    resolution: {integrity: sha512-pBPWdu6MLKROBX05wSNKcNb++m5Er+KQ9QkB+WVM+pW2Kx9hoSrVTnu3BdkI5eBLZoKu/J6mW/B6i6bJB2ytXQ==}

  '@emnapi/wasi-threads@1.0.2':
    resolution: {integrity: sha512-5n3nTJblwRi8LlXkJ9eBzu+kZR8Yxcc7ubakyQTFzPMtIhFpUBRbsnc2Dv88IZDIbCDlBiWrknhB4Lsz7mg6BA==}

  '@esbuild/aix-ppc64@0.25.5':
    resolution: {integrity: sha512-9o3TMmpmftaCMepOdA5k/yDw8SfInyzWWTjYTFCX3kPSDJMROQTb8jg+h9Cnwnmm1vOzvxN7gIfB5V2ewpjtGA==}
    engines: {node: '>=18'}
    cpu: [ppc64]
    os: [aix]

  '@esbuild/android-arm64@0.25.5':
    resolution: {integrity: sha512-VGzGhj4lJO+TVGV1v8ntCZWJktV7SGCs3Pn1GRWI1SBFtRALoomm8k5E9Pmwg3HOAal2VDc2F9+PM/rEY6oIDg==}
    engines: {node: '>=18'}
    cpu: [arm64]
    os: [android]

  '@esbuild/android-arm@0.25.5':
    resolution: {integrity: sha512-AdJKSPeEHgi7/ZhuIPtcQKr5RQdo6OO2IL87JkianiMYMPbCtot9fxPbrMiBADOWWm3T2si9stAiVsGbTQFkbA==}
    engines: {node: '>=18'}
    cpu: [arm]
    os: [android]

  '@esbuild/android-x64@0.25.5':
    resolution: {integrity: sha512-D2GyJT1kjvO//drbRT3Hib9XPwQeWd9vZoBJn+bu/lVsOZ13cqNdDeqIF/xQ5/VmWvMduP6AmXvylO/PIc2isw==}
    engines: {node: '>=18'}
    cpu: [x64]
    os: [android]

  '@esbuild/darwin-arm64@0.25.5':
    resolution: {integrity: sha512-GtaBgammVvdF7aPIgH2jxMDdivezgFu6iKpmT+48+F8Hhg5J/sfnDieg0aeG/jfSvkYQU2/pceFPDKlqZzwnfQ==}
    engines: {node: '>=18'}
    cpu: [arm64]
    os: [darwin]

  '@esbuild/darwin-x64@0.25.5':
    resolution: {integrity: sha512-1iT4FVL0dJ76/q1wd7XDsXrSW+oLoquptvh4CLR4kITDtqi2e/xwXwdCVH8hVHU43wgJdsq7Gxuzcs6Iq/7bxQ==}
    engines: {node: '>=18'}
    cpu: [x64]
    os: [darwin]

  '@esbuild/freebsd-arm64@0.25.5':
    resolution: {integrity: sha512-nk4tGP3JThz4La38Uy/gzyXtpkPW8zSAmoUhK9xKKXdBCzKODMc2adkB2+8om9BDYugz+uGV7sLmpTYzvmz6Sw==}
    engines: {node: '>=18'}
    cpu: [arm64]
    os: [freebsd]

  '@esbuild/freebsd-x64@0.25.5':
    resolution: {integrity: sha512-PrikaNjiXdR2laW6OIjlbeuCPrPaAl0IwPIaRv+SMV8CiM8i2LqVUHFC1+8eORgWyY7yhQY+2U2fA55mBzReaw==}
    engines: {node: '>=18'}
    cpu: [x64]
    os: [freebsd]

  '@esbuild/linux-arm64@0.25.5':
    resolution: {integrity: sha512-Z9kfb1v6ZlGbWj8EJk9T6czVEjjq2ntSYLY2cw6pAZl4oKtfgQuS4HOq41M/BcoLPzrUbNd+R4BXFyH//nHxVg==}
    engines: {node: '>=18'}
    cpu: [arm64]
    os: [linux]

  '@esbuild/linux-arm@0.25.5':
    resolution: {integrity: sha512-cPzojwW2okgh7ZlRpcBEtsX7WBuqbLrNXqLU89GxWbNt6uIg78ET82qifUy3W6OVww6ZWobWub5oqZOVtwolfw==}
    engines: {node: '>=18'}
    cpu: [arm]
    os: [linux]

  '@esbuild/linux-ia32@0.25.5':
    resolution: {integrity: sha512-sQ7l00M8bSv36GLV95BVAdhJ2QsIbCuCjh/uYrWiMQSUuV+LpXwIqhgJDcvMTj+VsQmqAHL2yYaasENvJ7CDKA==}
    engines: {node: '>=18'}
    cpu: [ia32]
    os: [linux]

  '@esbuild/linux-loong64@0.25.5':
    resolution: {integrity: sha512-0ur7ae16hDUC4OL5iEnDb0tZHDxYmuQyhKhsPBV8f99f6Z9KQM02g33f93rNH5A30agMS46u2HP6qTdEt6Q1kg==}
    engines: {node: '>=18'}
    cpu: [loong64]
    os: [linux]

  '@esbuild/linux-mips64el@0.25.5':
    resolution: {integrity: sha512-kB/66P1OsHO5zLz0i6X0RxlQ+3cu0mkxS3TKFvkb5lin6uwZ/ttOkP3Z8lfR9mJOBk14ZwZ9182SIIWFGNmqmg==}
    engines: {node: '>=18'}
    cpu: [mips64el]
    os: [linux]

  '@esbuild/linux-ppc64@0.25.5':
    resolution: {integrity: sha512-UZCmJ7r9X2fe2D6jBmkLBMQetXPXIsZjQJCjgwpVDz+YMcS6oFR27alkgGv3Oqkv07bxdvw7fyB71/olceJhkQ==}
    engines: {node: '>=18'}
    cpu: [ppc64]
    os: [linux]

  '@esbuild/linux-riscv64@0.25.5':
    resolution: {integrity: sha512-kTxwu4mLyeOlsVIFPfQo+fQJAV9mh24xL+y+Bm6ej067sYANjyEw1dNHmvoqxJUCMnkBdKpvOn0Ahql6+4VyeA==}
    engines: {node: '>=18'}
    cpu: [riscv64]
    os: [linux]

  '@esbuild/linux-s390x@0.25.5':
    resolution: {integrity: sha512-K2dSKTKfmdh78uJ3NcWFiqyRrimfdinS5ErLSn3vluHNeHVnBAFWC8a4X5N+7FgVE1EjXS1QDZbpqZBjfrqMTQ==}
    engines: {node: '>=18'}
    cpu: [s390x]
    os: [linux]

  '@esbuild/linux-x64@0.25.5':
    resolution: {integrity: sha512-uhj8N2obKTE6pSZ+aMUbqq+1nXxNjZIIjCjGLfsWvVpy7gKCOL6rsY1MhRh9zLtUtAI7vpgLMK6DxjO8Qm9lJw==}
    engines: {node: '>=18'}
    cpu: [x64]
    os: [linux]

  '@esbuild/netbsd-arm64@0.25.5':
    resolution: {integrity: sha512-pwHtMP9viAy1oHPvgxtOv+OkduK5ugofNTVDilIzBLpoWAM16r7b/mxBvfpuQDpRQFMfuVr5aLcn4yveGvBZvw==}
    engines: {node: '>=18'}
    cpu: [arm64]
    os: [netbsd]

  '@esbuild/netbsd-x64@0.25.5':
    resolution: {integrity: sha512-WOb5fKrvVTRMfWFNCroYWWklbnXH0Q5rZppjq0vQIdlsQKuw6mdSihwSo4RV/YdQ5UCKKvBy7/0ZZYLBZKIbwQ==}
    engines: {node: '>=18'}
    cpu: [x64]
    os: [netbsd]

  '@esbuild/openbsd-arm64@0.25.5':
    resolution: {integrity: sha512-7A208+uQKgTxHd0G0uqZO8UjK2R0DDb4fDmERtARjSHWxqMTye4Erz4zZafx7Di9Cv+lNHYuncAkiGFySoD+Mw==}
    engines: {node: '>=18'}
    cpu: [arm64]
    os: [openbsd]

  '@esbuild/openbsd-x64@0.25.5':
    resolution: {integrity: sha512-G4hE405ErTWraiZ8UiSoesH8DaCsMm0Cay4fsFWOOUcz8b8rC6uCvnagr+gnioEjWn0wC+o1/TAHt+It+MpIMg==}
    engines: {node: '>=18'}
    cpu: [x64]
    os: [openbsd]

  '@esbuild/sunos-x64@0.25.5':
    resolution: {integrity: sha512-l+azKShMy7FxzY0Rj4RCt5VD/q8mG/e+mDivgspo+yL8zW7qEwctQ6YqKX34DTEleFAvCIUviCFX1SDZRSyMQA==}
    engines: {node: '>=18'}
    cpu: [x64]
    os: [sunos]

  '@esbuild/win32-arm64@0.25.5':
    resolution: {integrity: sha512-O2S7SNZzdcFG7eFKgvwUEZ2VG9D/sn/eIiz8XRZ1Q/DO5a3s76Xv0mdBzVM5j5R639lXQmPmSo0iRpHqUUrsxw==}
    engines: {node: '>=18'}
    cpu: [arm64]
    os: [win32]

  '@esbuild/win32-ia32@0.25.5':
    resolution: {integrity: sha512-onOJ02pqs9h1iMJ1PQphR+VZv8qBMQ77Klcsqv9CNW2w6yLqoURLcgERAIurY6QE63bbLuqgP9ATqajFLK5AMQ==}
    engines: {node: '>=18'}
    cpu: [ia32]
    os: [win32]

  '@esbuild/win32-x64@0.25.5':
    resolution: {integrity: sha512-TXv6YnJ8ZMVdX+SXWVBo/0p8LTcrUYngpWjvm91TMjjBQii7Oz11Lw5lbDV5Y0TzuhSJHwiH4hEtC1I42mMS0g==}
    engines: {node: '>=18'}
    cpu: [x64]
    os: [win32]

  '@napi-rs/wasm-runtime@0.2.11':
    resolution: {integrity: sha512-9DPkXtvHydrcOsopiYpUgPHpmj0HWZKMUnL2dZqpvC42lsratuBG06V5ipyno0fUek5VlFsNQ+AcFATSrJXgMA==}

  '@oxc-parser/binding-android-arm64@0.74.0':
    resolution: {integrity: sha512-lgq8TJq22eyfojfa2jBFy2m66ckAo7iNRYDdyn9reXYA3I6Wx7tgGWVx1JAp1lO+aUiqdqP/uPlDaETL9tqRcg==}
    engines: {node: '>=20.0.0'}
    cpu: [arm64]
    os: [android]

  '@oxc-parser/binding-darwin-arm64@0.74.0':
    resolution: {integrity: sha512-xbY/io/hkARggbpYEMFX6CwFzb7f4iS6WuBoBeZtdqRWfIEi7sm/uYWXfyVeB8uqOATvJ07WRFC2upI8PSI83g==}
    engines: {node: '>=20.0.0'}
    cpu: [arm64]
    os: [darwin]

  '@oxc-parser/binding-darwin-x64@0.74.0':
    resolution: {integrity: sha512-FIj2gAGtFaW0Zk+TnGyenMUoRu1ju+kJ/h71D77xc1owOItbFZFGa+4WSVck1H8rTtceeJlK+kux+vCjGFCl9Q==}
    engines: {node: '>=20.0.0'}
    cpu: [x64]
    os: [darwin]

  '@oxc-parser/binding-freebsd-x64@0.74.0':
    resolution: {integrity: sha512-W1I+g5TJg0TRRMHgEWNWsTIfe782V3QuaPgZxnfPNmDMywYdtlzllzclBgaDq6qzvZCCQc/UhvNb37KWTCTj8A==}
    engines: {node: '>=20.0.0'}
    cpu: [x64]
    os: [freebsd]

  '@oxc-parser/binding-linux-arm-gnueabihf@0.74.0':
    resolution: {integrity: sha512-gxqkyRGApeVI8dgvJ19SYe59XASW3uVxF1YUgkE7peW/XIg5QRAOVTFKyTjI9acYuK1MF6OJHqx30cmxmZLtiQ==}
    engines: {node: '>=20.0.0'}
    cpu: [arm]
    os: [linux]

  '@oxc-parser/binding-linux-arm-musleabihf@0.74.0':
    resolution: {integrity: sha512-jpnAUP4Fa93VdPPDzxxBguJmldj/Gpz7wTXKFzpAueqBMfZsy9KNC+0qT2uZ9HGUDMzNuKw0Se3bPCpL/gfD2Q==}
    engines: {node: '>=20.0.0'}
    cpu: [arm]
    os: [linux]

  '@oxc-parser/binding-linux-arm64-gnu@0.74.0':
    resolution: {integrity: sha512-fcWyM7BNfCkHqIf3kll8fJctbR/PseL4RnS2isD9Y3FFBhp4efGAzhDaxIUK5GK7kIcFh1P+puIRig8WJ6IMVQ==}
    engines: {node: '>=20.0.0'}
    cpu: [arm64]
    os: [linux]

  '@oxc-parser/binding-linux-arm64-musl@0.74.0':
    resolution: {integrity: sha512-AMY30z/C77HgiRRJX7YtVUaelKq1ex0aaj28XoJu4SCezdS8i0IftUNTtGS1UzGjGZB8zQz5SFwVy4dRu4GLwg==}
    engines: {node: '>=20.0.0'}
    cpu: [arm64]
    os: [linux]

  '@oxc-parser/binding-linux-riscv64-gnu@0.74.0':
    resolution: {integrity: sha512-/RZAP24TgZo4vV/01TBlzRqs0R7E6xvatww4LnmZEBBulQBU/SkypDywfriFqWuFoa61WFXPV7sLcTjJGjim/w==}
    engines: {node: '>=20.0.0'}
    cpu: [riscv64]
    os: [linux]

  '@oxc-parser/binding-linux-s390x-gnu@0.74.0':
    resolution: {integrity: sha512-620J1beNAlGSPBD+Msb3ptvrwxu04B8iULCH03zlf0JSLy/5sqlD6qBs0XUVkUJv1vbakUw1gfVnUQqv0UTuEg==}
    engines: {node: '>=20.0.0'}
    cpu: [s390x]
    os: [linux]

  '@oxc-parser/binding-linux-x64-gnu@0.74.0':
    resolution: {integrity: sha512-WBFgQmGtFnPNzHyLKbC1wkYGaRIBxXGofO0+hz1xrrkPgbxbJS1Ukva1EB8sPaVBBQ52Bdc2GjLSp721NWRvww==}
    engines: {node: '>=20.0.0'}
    cpu: [x64]
    os: [linux]

  '@oxc-parser/binding-linux-x64-musl@0.74.0':
    resolution: {integrity: sha512-y4mapxi0RGqlp3t6Sm+knJlAEqdKDYrEue2LlXOka/F2i4sRN0XhEMPiSOB3ppHmvK4I2zY2XBYTsX1Fel0fAg==}
    engines: {node: '>=20.0.0'}
    cpu: [x64]
    os: [linux]

  '@oxc-parser/binding-wasm32-wasi@0.74.0':
    resolution: {integrity: sha512-yDS9bRDh5ymobiS2xBmjlrGdUuU61IZoJBaJC5fELdYT5LJNBXlbr3Yc6m2PWfRJwkH6Aq5fRvxAZ4wCbkGa8w==}
    engines: {node: '>=14.0.0'}
    cpu: [wasm32]

  '@oxc-parser/binding-win32-arm64-msvc@0.74.0':
    resolution: {integrity: sha512-XFWY52Rfb4N5wEbMCTSBMxRkDLGbAI9CBSL24BIDywwDJMl31gHEVlmHdCDRoXAmanCI6gwbXYTrWe0HvXJ7Aw==}
    engines: {node: '>=20.0.0'}
    cpu: [arm64]
    os: [win32]

  '@oxc-parser/binding-win32-x64-msvc@0.74.0':
    resolution: {integrity: sha512-1D3x6iU2apLyfTQHygbdaNbX3nZaHu4yaXpD7ilYpoLo7f0MX0tUuoDrqJyJrVGqvyXgc0uz4yXz9tH9ZZhvvg==}
    engines: {node: '>=20.0.0'}
    cpu: [x64]
    os: [win32]

  '@oxc-project/types@0.74.0':
    resolution: {integrity: sha512-KOw/RZrVlHGhCXh1RufBFF7Nuo7HdY5w1lRJukM/igIl6x9qtz8QycDvZdzb4qnHO7znrPyo2sJrFJK2eKHgfQ==}

  '@pkgr/core@0.2.7':
    resolution: {integrity: sha512-YLT9Zo3oNPJoBjBc4q8G2mjU4tqIbf5CEOORbUUr48dCD9q3umJ3IPlVqOqDakPfd2HuwccBaqlGhN4Gmr5OWg==}
    engines: {node: ^12.20.0 || ^14.18.0 || >=16.0.0}

  '@prettier/plugin-oxc@0.0.4':
    resolution: {integrity: sha512-UGXe+g/rSRbglL0FOJiar+a+nUrst7KaFmsg05wYbKiInGWP6eAj/f8A2Uobgo5KxEtb2X10zeflNH6RK2xeIQ==}
    engines: {node: '>=14'}

  '@sanity/client@6.29.1':
    resolution: {integrity: sha512-BQRCMeDlBxwnMbFtB61HUxFf9aSb4HNVrpfrC7IFVqFf4cwcc3o5H8/nlrL9U3cDFedbe4W0AXt1mQzwbY/ljw==}
    engines: {node: '>=14.18'}

  '@sanity/client@7.6.0':
    resolution: {integrity: sha512-bNgqWkKzzbAh2qDKHK0IYgR+7TaRsmk6rCpeX+kwIJ6J8ot8ZnZxzRgwfPmBztOQu8YfahQ6t90giT4uVhQNEg==}
    engines: {node: '>=20'}

  '@sanity/comlink@2.0.5':
    resolution: {integrity: sha512-6Rbg71hkeoGInk/9hBsCUBCZ33IHSs2fZynAR85ANkXDM+WYiwRDlker7OngBkfbK8TF9+G797VjNMQQgJINiQ==}
    engines: {node: '>=18'}

  '@sanity/comlink@3.0.5':
    resolution: {integrity: sha512-aYdqV8pJ6UT/3WucER5PBMGIlAt26wKiVYcmFSA7k3dmcEaPOd8tib93bwHfQsVXzGGnUaf0e8IacKYoyTwzCw==}
    engines: {node: '>=18'}

  '@sanity/diff-match-patch@3.2.0':
    resolution: {integrity: sha512-4hPADs0qUThFZkBK/crnfKKHg71qkRowfktBljH2UIxGHHTxIzt8g8fBiXItyCjxkuNy+zpYOdRMifQNv8+Yww==}
    engines: {node: '>=18.18'}

  '@sanity/diff-patch@6.0.0':
    resolution: {integrity: sha512-oJ5kZQV6C/DAlcpRLEU7AcVWXrSPuJb3Z1TQ9tm/qZOVWJENwWln45jtepQEYolTIuGx9jUlhYUi3hGIkOt8RA==}
    engines: {node: '>=18.2'}

  '@sanity/eventsource@5.0.2':
    resolution: {integrity: sha512-/B9PMkUvAlUrpRq0y+NzXgRv5lYCLxZNsBJD2WXVnqZYOfByL9oQBV7KiTaARuObp5hcQYuPfOAVjgXe3hrixA==}

  '@sanity/media-library-types@1.0.0':
    resolution: {integrity: sha512-RwBou7SybMbHkSeCn+3L/hbaFP77at3BesP67o8D8RrFiOgHX/h4ibw4yEauC1s09U9BE1MPq9K7ji+0XU57GA==}

  '@sanity/message-protocol@0.12.0':
    resolution: {integrity: sha512-RMRWQG5yVkCZnnBHW3qxVbZGUOeXPBzFPdD9+pynQCTVZI7zYBEzjnY8lcSYjty+0unDHqeoqMPfBXhqs0rg2g==}
    engines: {node: '>=20.0.0'}

  '@sanity/mutate@0.12.4':
    resolution: {integrity: sha512-CBPOOTCTyHFyhBL+seWpkGKJIE6lpaFd9yIeTIDt6miluBz6W8OKTNbaU6gPzOztqrr8KbrTaROiQAaMQDndQA==}
    engines: {node: '>=18'}

  '@sanity/prettier-config@2.0.0':
    resolution: {integrity: sha512-iTGLenR4T1DU0QJhMIMVw61C4DeZyKhpYNmkTOToO1dX8fBuew8JqKWe9S4Ojk8rB9Y5MCNgl5haVjOzFcWPtw==}
    peerDependencies:
      prettier: ^3.6.0

  '@sanity/sdk-react@2.0.1':
    resolution: {integrity: sha512-fwIF8FS/cElz3KDO62vC8m0bkuDkJNt+0rgsL7ILvZYDnAgXEMpxlEKakIJ2AMrGQAdHeUBfYjPBo4Dc1aUgfw==}
    engines: {node: '>=20.0.0'}
    peerDependencies:
      react: ^18.0.0 || ^19.0.0
      react-dom: ^18.0.0 || ^19.0.0

  '@sanity/sdk@2.0.1':
    resolution: {integrity: sha512-MCs07IJwsYTmLCpPHUPJ9GI1PMyCAENipZI2xbwP/uBvSn+TIrOTnIyBah8uJqNCcpvFx0WgKgxiYgai6Zufeg==}
    engines: {node: '>=20.0.0'}

  '@sanity/types@3.95.0':
    resolution: {integrity: sha512-LIzlQWzJwol/4ybOkugtUJOc4nFoTrkttWpWbvWVufhavsk8XzjAREXbCcxyuWsAZhWchAgweEmAH3taL/yuhw==}
    peerDependencies:
      '@types/react': 18 || 19

  '@sanity/uuid@3.0.2':
    resolution: {integrity: sha512-vzdhqOrX7JGbMyK40KuIwwyXHm7GMLOGuYgn3xlC09e4ZVNofUO5mgezQqnRv0JAMthIRhofqs9f6ufUjMKOvw==}

  '@tybys/wasm-util@0.9.0':
    resolution: {integrity: sha512-6+7nlbMVX/PVDCwaIQ8nTOPveOcFLSt8GcXdx8hD0bt39uWxYT88uXzqTd4fTvqta7oeUJqudepapKNt2DYJFw==}

  '@types/event-source-polyfill@1.0.5':
    resolution: {integrity: sha512-iaiDuDI2aIFft7XkcwMzDWLqo7LVDixd2sR6B4wxJut9xcp/Ev9bO4EFg4rm6S9QxATLBj5OPxdeocgmhjwKaw==}

  '@types/eventsource@1.1.15':
    resolution: {integrity: sha512-XQmGcbnxUNa06HR3VBVkc9+A2Vpi9ZyLJcdS5dwaQQ/4ZMWFO+5c90FnMUpbtMZwB/FChoYHwuVg8TvkECacTA==}

  '@types/follow-redirects@1.14.4':
    resolution: {integrity: sha512-GWXfsD0Jc1RWiFmMuMFCpXMzi9L7oPDVwxUnZdg89kDNnqsRfUKXEtUYtA98A6lig1WXH/CYY/fvPW9HuN5fTA==}

  '@types/lodash-es@4.17.12':
    resolution: {integrity: sha512-0NgftHUcV4v34VhXm8QBSftKVXtbkBG3ViCjs6+eJ5a6y6Mi/jiFGPc1sC7QK+9BFhWrURE3EOggmWaSxL9OzQ==}

  '@types/lodash@4.17.19':
    resolution: {integrity: sha512-NYqRyg/hIQrYPT9lbOeYc3kIRabJDn/k4qQHIXUpx88CBDww2fD15Sg5kbXlW86zm2XEW4g0QxkTI3/Kfkc7xQ==}

  '@types/node@24.0.4':
    resolution: {integrity: sha512-ulyqAkrhnuNq9pB76DRBTkcS6YsmDALy6Ua63V8OhrOBgbcYt6IOdzpw5P1+dyRIyMerzLkeYWBeOXPpA9GMAA==}

  '@types/react@19.1.8':
    resolution: {integrity: sha512-AwAfQ2Wa5bCx9WP8nZL2uMZWod7J7/JSplxbTmBQ5ms6QpqNYm672H0Vu9ZVKVngQ+ii4R/byguVEUZQyeg44g==}

  '@types/uuid@8.3.4':
    resolution: {integrity: sha512-c/I8ZRb51j+pYGAu5CrFMRxqZ2ke4y2grEBO5AUjgSkSk+qT2Ea+OdWElz/OiMf5MNpn2b17kuVBwZLQJXzihw==}

  ansi-escapes@7.0.0:
    resolution: {integrity: sha512-GdYO7a61mR0fOlAsvC9/rIHf7L96sBc6dEWzeOu+KAea5bZyQRPIpojrVoI4AXGJS/ycu/fBTdLrUkA4ODrvjw==}
    engines: {node: '>=18'}

  ansi-regex@6.1.0:
    resolution: {integrity: sha512-7HSX4QQb4CspciLpVFwyRe79O3xsIZDDLER21kERQ71oaPodF8jL725AgJMFAYbooIqolJoRLuM81SpeUkpkvA==}
    engines: {node: '>=12'}

  ansi-styles@6.2.1:
    resolution: {integrity: sha512-bN798gFfQX+viw3R7yrGWRqnrN2oRkEkUjjl4JNn4E8GxxbjtG3FbrEIIY3l8/hrwUwIeCZvi4QuOTP4MErVug==}
    engines: {node: '>=12'}

  auto-bind@5.0.1:
    resolution: {integrity: sha512-ooviqdwwgfIfNmDwo94wlshcdzfO64XV0Cg6oDsDYBJfITDz1EngD2z7DkbvCWn+XIMsIqW27sEVF6qcpJrRcg==}
    engines: {node: ^12.20.0 || ^14.13.1 || >=16.0.0}

  chalk@5.4.1:
    resolution: {integrity: sha512-zgVZuo2WcZgfUEmsn6eO3kINexW8RAE4maiQ8QNs8CtpPCSyMiYsULR3HQYkm3w8FIA3SberyMJMSldGsW+U3w==}
    engines: {node: ^12.17.0 || ^14.13 || >=16.0.0}

  cli-boxes@3.0.0:
    resolution: {integrity: sha512-/lzGpEWL/8PfI0BmBOPRwp0c/wFNX1RdUML3jK/RcSBA9T8mZDdQpqYBKtCFTOfQbwPqWEOpjqW+Fnayc0969g==}
    engines: {node: '>=10'}

  cli-cursor@4.0.0:
    resolution: {integrity: sha512-VGtlMu3x/4DOtIUwEkRezxUZ2lBacNJCHash0N0WeZDBS+7Ux1dm3XWAgWYxLJFMMdOeXMHXorshEFhbMSGelg==}
    engines: {node: ^12.20.0 || ^14.13.1 || >=16.0.0}

  cli-truncate@4.0.0:
    resolution: {integrity: sha512-nPdaFdQ0h/GEigbPClz11D0v/ZJEwxmeVZGeMo3Z5StPtUTkA9o1lD6QwoirYiSDzbcwn2XcjwmCp68W1IS4TA==}
    engines: {node: '>=18'}

  code-excerpt@4.0.0:
    resolution: {integrity: sha512-xxodCmBen3iy2i0WtAK8FlFNrRzjUqjRsMfho58xT/wvZU1YTM3fCnRjcy1gJPMepaRlgm/0e6w8SpWHpn3/cA==}
    engines: {node: ^12.20.0 || ^14.13.1 || >=16.0.0}

  convert-to-spaces@2.0.1:
    resolution: {integrity: sha512-rcQ1bsQO9799wq24uE5AM2tAILy4gXGIK/njFWcVQkGNZ96edlpY+A7bjwvzjYvLDyzmG1MmMLZhpcsb+klNMQ==}
    engines: {node: ^12.20.0 || ^14.13.1 || >=16.0.0}

  csstype@3.1.3:
    resolution: {integrity: sha512-M1uQkMl8rQK/szD0LNhtqxIPLpimGm8sOBwU7lLnCpSbTyY3yeU1Vc7l4KT5zT4s/yOxHH5O7tIuuLOCnLADRw==}

  decompress-response@7.0.0:
    resolution: {integrity: sha512-6IvPrADQyyPGLpMnUh6kfKiqy7SrbXbjoUuZ90WMBJKErzv2pCiwlGEXjRX9/54OnTq+XFVnkOnOMzclLI5aEA==}
    engines: {node: '>=10'}

  detect-indent@7.0.1:
    resolution: {integrity: sha512-Mc7QhQ8s+cLrnUfU/Ji94vG/r8M26m8f++vyres4ZoojaRDpZ1eSIh/EpzLNwlWuvzSZ3UbDFspjFvTDXe6e/g==}
    engines: {node: '>=12.20'}

  detect-newline@4.0.1:
    resolution: {integrity: sha512-qE3Veg1YXzGHQhlA6jzebZN2qVf6NX+A7m7qlhCGG30dJixrAQhYOsJjsnBjJkCSmuOPpCk30145fr8FV0bzog==}
    engines: {node: ^12.20.0 || ^14.13.1 || >=16.0.0}

  dotenv@16.5.0:
    resolution: {integrity: sha512-m/C+AwOAr9/W1UOIZUo232ejMNnJAJtYQjUbHoNTBNTJSvqzzDh7vnrei3o3r3m9blf6ZoDkvcw0VmozNRFJxg==}
    engines: {node: '>=12'}

  emoji-regex@10.4.0:
    resolution: {integrity: sha512-EC+0oUMY1Rqm4O6LLrgjtYDvcVYTy7chDnM4Q7030tP4Kwj3u/pR6gP9ygnp2CJMK5Gq+9Q2oqmrFJAz01DXjw==}

  environment@1.1.0:
    resolution: {integrity: sha512-xUtoPkMggbz0MPyPiIWr1Kp4aeWJjDZ6SMvURhimjdZgsRuDplF5/s9hcgGhyXMhs+6vpnuoiZ2kFiu3FMnS8Q==}
    engines: {node: '>=18'}

  es-toolkit@1.39.5:
    resolution: {integrity: sha512-z9V0qU4lx1TBXDNFWfAASWk6RNU6c6+TJBKE+FLIg8u0XJ6Yw58Hi0yX8ftEouj6p1QARRlXLFfHbIli93BdQQ==}

  esbuild@0.25.5:
    resolution: {integrity: sha512-P8OtKZRv/5J5hhz0cUAdu/cLuPIKXpQl1R9pZtvmHWQvrAUVd0UNIPT4IB4W3rNOqVO0rlqHmCIbSwxh/c9yUQ==}
    engines: {node: '>=18'}
    hasBin: true

  escape-string-regexp@2.0.0:
    resolution: {integrity: sha512-UpzcLCXolUWcNu5HtVMHYdXJjArjsF9C0aNnquZYY4uW/Vu0miy5YoWvbV345HauVvcAUnpRuhMMcqTcGOY2+w==}
    engines: {node: '>=8'}

  event-source-polyfill@1.0.31:
    resolution: {integrity: sha512-4IJSItgS/41IxN5UVAVuAyczwZF7ZIEsM1XAoUzIHA6A+xzusEZUutdXz2Nr+MQPLxfTiCvqE79/C8HT8fKFvA==}

  eventsource@2.0.2:
    resolution: {integrity: sha512-IzUmBGPR3+oUG9dUeXynyNmf91/3zUSJg1lCktzKw47OXuhco54U3r9B7O4XX+Rb1Itm9OZ2b0RkTs10bICOxA==}
    engines: {node: '>=12.0.0'}

  fdir@6.4.6:
    resolution: {integrity: sha512-hiFoqpyZcfNm1yc4u8oWCf9A2c4D3QjCrks3zmoVKVxpQRzmPNar1hUJcBG2RQHvEVGDN+Jm81ZheVLAQMK6+w==}
    peerDependencies:
      picomatch: ^3 || ^4
    peerDependenciesMeta:
      picomatch:
        optional: true

  figures@6.1.0:
    resolution: {integrity: sha512-d+l3qxjSesT4V7v2fh+QnmFnUWv9lSpjarhShNTgBOfA0ttejbQUAlHLitbjkoRiDulW0OPoQPYIGhIC8ohejg==}
    engines: {node: '>=18'}

  follow-redirects@1.15.9:
    resolution: {integrity: sha512-gew4GsXizNgdoRyqmyfMHyAmXsZDk6mHkSxZFCzW9gwlbtOW44CDtYavM+y+72qD/Vq2l550kMF52DT8fOLJqQ==}
    engines: {node: '>=4.0'}
    peerDependencies:
      debug: '*'
    peerDependenciesMeta:
      debug:
        optional: true

  fsevents@2.3.3:
    resolution: {integrity: sha512-5xoDfX+fL7faATnagmWPpbFtwh/R77WmMMqqHGS65C3vvB0YHrgF+B1YmZ3441tMj5n63k0212XNoJwzlhffQw==}
    engines: {node: ^8.16.0 || ^10.6.0 || >=11.0.0}
    os: [darwin]

  get-east-asian-width@1.3.0:
    resolution: {integrity: sha512-vpeMIQKxczTD/0s2CdEWHcb0eeJe6TFjxb+J5xgX7hScxqrGuyjmv4c1D4A/gelKfyox0gJJwIHF+fLjeaM8kQ==}
    engines: {node: '>=18'}

  get-it@8.6.9:
    resolution: {integrity: sha512-CSUbVbfTZZbRrPqiMPaV3mWw+3MDgRPANtqBxLSp94cUUUZVAZfjGDwArvu5z2bx5ABW2MNB5kdT3PTOxe3cTw==}
    engines: {node: '>=14.0.0'}

  get-tsconfig@4.10.1:
    resolution: {integrity: sha512-auHyJ4AgMz7vgS8Hp3N6HXSmlMdUyhSUrfBF16w153rxtLIEOE+HGqaBppczZvnHLqQJfiHotCYpNhl0lUROFQ==}

  git-hooks-list@4.1.1:
    resolution: {integrity: sha512-cmP497iLq54AZnv4YRAEMnEyQ1eIn4tGKbmswqwmFV4GBnAqE8NLtWxxdXa++AalfgL5EBH4IxTPyquEuGY/jA==}

  groq@3.88.1-typegen-experimental.0:
    resolution: {integrity: sha512-6TZD6H1y3P7zk0BQharjFa7BOivV9nFL6KKVZbRZRH0yOSSyu2xHglTO48b1/2mCEdYoBQpvE7rjCDUf6XmQYQ==}
    engines: {node: '>=18'}

  hotscript@1.0.13:
    resolution: {integrity: sha512-C++tTF1GqkGYecL+2S1wJTfoH6APGAsbb7PAWQ3iVIwgG/EFseAfEVOKFgAFq4yK3+6j1EjUD4UQ9dRJHX/sSQ==}

  indent-string@5.0.0:
    resolution: {integrity: sha512-m6FAo/spmsW2Ab2fU35JTYwtOKa2yAwXSwgjSv1TJzh4Mh7mC3lzAOVLBprb72XsTrgkEIsl7YrFNAiDiRhIGg==}
    engines: {node: '>=12'}

  inherits@2.0.4:
    resolution: {integrity: sha512-k/vGaX4/Yla3WzyMCvTQOXYeIHvqOKtnqBduzTHpzpQZzAskKMhZ2K+EnBiSM9zGSoIFeMpXKxa4dYeZIQqewQ==}

  ink-select-input@6.2.0:
    resolution: {integrity: sha512-304fZXxkpYxJ9si5lxRCaX01GNlmPBgOZumXXRnPYbHW/iI31cgQynqk2tRypGLOF1cMIwPUzL2LSm6q4I5rQQ==}
    engines: {node: '>=18'}
    peerDependencies:
      ink: '>=5.0.0'
      react: '>=18.0.0'

  ink@6.0.1:
    resolution: {integrity: sha512-vhhFrCodTHZAPPSdMYzLEbeI0Ug37R9j6yA0kLKok9kSK53lQtj/RJhEQJUjq6OwT4N33nxqSRd/7yXhEhVPIw==}
    engines: {node: '>=20'}
    peerDependencies:
      '@types/react': '>=19.0.0'
      react: '>=19.0.0'
      react-devtools-core: ^4.19.1
    peerDependenciesMeta:
      '@types/react':
        optional: true
      react-devtools-core:
        optional: true

  is-fullwidth-code-point@4.0.0:
    resolution: {integrity: sha512-O4L094N2/dZ7xqVdrXhh9r1KODPJpFms8B5sGdJLPy664AgvXsreZUyCQQNItZRDlYug4xStLjNp/sz3HvBowQ==}
    engines: {node: '>=12'}

  is-fullwidth-code-point@5.0.0:
    resolution: {integrity: sha512-OVa3u9kkBbw7b8Xw5F9P+D/T9X+Z4+JruYVNapTjPYZYUznQ5YfWeFkOj606XYYW8yugTfC8Pj0hYqvi4ryAhA==}
    engines: {node: '>=18'}

  is-in-ci@1.0.0:
    resolution: {integrity: sha512-eUuAjybVTHMYWm/U+vBO1sY/JOCgoPCXRxzdju0K+K0BiGW0SChEL1MLC0PoCIR1OlPo5YAp8HuQoUlsWEICwg==}
    engines: {node: '>=18'}
    hasBin: true

  is-plain-obj@4.1.0:
    resolution: {integrity: sha512-+Pgi+vMuUNkJyExiMBt5IlFoMyKnr5zhJ4Uspz58WOhBF5QoIZkFyNHIbBAtHwzVAgk5RtndVNsDRN61/mmDqg==}
    engines: {node: '>=12'}

  is-retry-allowed@2.2.0:
    resolution: {integrity: sha512-XVm7LOeLpTW4jV19QSH38vkswxoLud8sQ57YwJVTPWdiaI9I8keEhGFpBlslyVsgdQy4Opg8QOLb8YRgsyZiQg==}
    engines: {node: '>=10'}

  is-unicode-supported@2.1.0:
    resolution: {integrity: sha512-mE00Gnza5EEB3Ds0HfMyllZzbBrmLOX3vfWoj9A9PEnTfratQ/BcaJOuMhnkhjXvb2+FkY3VuHqtAGpTPmglFQ==}
    engines: {node: '>=18'}

  js-tokens@4.0.0:
    resolution: {integrity: sha512-RdJUflcE3cUzKiMqQgsCu06FPu9UdIJO0beYbPhHN4k6apgJtifcoCtT9bcxOpYBtpD2kCM6Sbzg4CausW/PKQ==}

  lodash-es@4.17.21:
    resolution: {integrity: sha512-mKnC+QJ9pWVzv+C4/U3rRsHapFfHvQFoFB92e52xeyGMcX6/OlIl78je1u8vePzYZSkkogMPJ2yjxxsb89cxyw==}

  lodash@4.17.21:
    resolution: {integrity: sha512-v2kDEe57lecTulaDIuNTPy3Ry4gLGJ6Z1O3vE1krgXZNrsQ+LFTGHVxVjcXPs17LhbZVGedAJv8XZ1tvj5FvSg==}

  loose-envify@1.4.0:
    resolution: {integrity: sha512-lyuxPGr/Wfhrlem2CL/UcnUc1zcqKAImBDzukY7Y5F/yQiNdko6+fRLevlw1HgMySw7f611UIY408EtxRSoK3Q==}
    hasBin: true

  mendoza@3.0.8:
    resolution: {integrity: sha512-iwxgEpSOx9BDLJMD0JAzNicqo9xdrvzt6w/aVwBKMndlA6z/DH41+o60H2uHB0vCR1Xr37UOgu9xFWJHvYsuKw==}
    engines: {node: '>=14.18'}

  mimic-fn@2.1.0:
    resolution: {integrity: sha512-OqbOk5oEQeAZ8WXWydlu9HJjz9WVdEIvamMCcXmuqUYjTknH/sqsWvhQ3vgwKFRR1HpjvNBKQ37nbJgYzGqGcg==}
    engines: {node: '>=6'}

  mimic-response@3.1.0:
    resolution: {integrity: sha512-z0yWI+4FDrrweS8Zmt4Ej5HdJmky15+L2e6Wgn3+iK5fWzb6T3fhNFq2+MeTRb064c6Wr4N/wv0DzQTjNzHNGQ==}
    engines: {node: '>=10'}

  nanoid@3.3.11:
    resolution: {integrity: sha512-N8SpfPUnUp1bK+PMYW8qSWdl9U+wwNWI4QKxOYDy9JAro3WMX7p2OeVRF9v+347pnakNevPmiHhNmZ2HbFA76w==}
    engines: {node: ^10 || ^12 || ^13.7 || ^14 || >=15.0.1}
    hasBin: true

  nanoid@5.1.5:
    resolution: {integrity: sha512-Ir/+ZpE9fDsNH0hQ3C68uyThDXzYcim2EqcZ8zn8Chtt1iylPT9xXJB0kPCnqzgcEGikO9RxSrh63MsmVCU7Fw==}
    engines: {node: ^18 || >=20}
    hasBin: true

  onetime@5.1.2:
    resolution: {integrity: sha512-kbpaSSGJTWdAY5KPVeMOKXSrPtr8C8C7wodJbcsd51jRnmD+GZu8Y0VoU6Dm5Z4vWr0Ig/1NKuWRKf7j5aaYSg==}
    engines: {node: '>=6'}

  oxc-parser@0.74.0:
    resolution: {integrity: sha512-2tDN/ttU8WE6oFh8EzKNam7KE7ZXSG5uXmvX85iNzxdJfMssDWcj3gpYzZi1E04XuE7m3v1dVWl/8BE886vPGw==}
    engines: {node: '>=20.0.0'}

  patch-console@2.0.0:
    resolution: {integrity: sha512-0YNdUceMdaQwoKce1gatDScmMo5pu/tfABfnzEqeG0gtTmd7mh/WcwgUjtAeOU7N8nFFlbQBnFK2gXW5fGvmMA==}
    engines: {node: ^12.20.0 || ^14.13.1 || >=16.0.0}

  picomatch@4.0.2:
    resolution: {integrity: sha512-M7BAV6Rlcy5u+m6oPhAPFgJTzAioX/6B0DxyvDlo9l8+T3nLKbrczg2WLUyzd45L8RqfUMyGPzekbMvX2Ldkwg==}
    engines: {node: '>=12'}

  prettier-plugin-packagejson@2.5.16:
    resolution: {integrity: sha512-1EORN4SahAWU55ll+xp0PXhiUmD93PJlBE88GbWv7X5xtZ7ycj3GNbRGX+r75zWn70KAoYVO08rF2C/TqGCHPA==}
    peerDependencies:
      prettier: '>= 1.16.0'
    peerDependenciesMeta:
      prettier:
        optional: true

  prettier@3.6.1:
    resolution: {integrity: sha512-5xGWRa90Sp2+x1dQtNpIpeOQpTDBs9cZDmA/qs2vDNN2i18PdapqY7CmBeyLlMuGqXJRIOPaCaVZTLNQRWUH/A==}
    engines: {node: '>=14'}
    hasBin: true

  react-compiler-runtime@19.1.0-rc.1:
    resolution: {integrity: sha512-wCt6g+cRh8g32QT18/9blfQHywGjYu+4FlEc3CW1mx3pPxYzZZl1y+VtqxRgnKKBCFLIGUYxog4j4rs5YS86hw==}
    peerDependencies:
      react: ^17.0.0 || ^18.0.0 || ^19.0.0 || ^0.0.0-experimental

  react-dom@19.1.0:
    resolution: {integrity: sha512-Xs1hdnE+DyKgeHJeJznQmYMIBG3TKIHJJT95Q58nHLSrElKlGQqDTR2HQ9fx5CN/Gk6Vh/kupBTDLU11/nDk/g==}
    peerDependencies:
      react: ^19.1.0

  react-error-boundary@5.0.0:
    resolution: {integrity: sha512-tnjAxG+IkpLephNcePNA7v6F/QpWLH8He65+DmedchDwg162JZqx4NmbXj0mlAYVVEd81OW7aFhmbsScYfiAFQ==}
    peerDependencies:
      react: '>=16.13.1'

  react-reconciler@0.32.0:
    resolution: {integrity: sha512-2NPMOzgTlG0ZWdIf3qG+dcbLSoAc/uLfOwckc3ofy5sSK0pLJqnQLpUFxvGcN2rlXSjnVtGeeFLNimCQEj5gOQ==}
    engines: {node: '>=0.10.0'}
    peerDependencies:
      react: ^19.1.0

  react@19.1.0:
    resolution: {integrity: sha512-FS+XFBNvn3GTAWq26joslQgWNoFu08F4kl0J4CgdNKADkdSGXQyTCnKteIAJy96Br6YbpEU1LSzV5dYtjMkMDg==}
    engines: {node: '>=0.10.0'}

  readable-stream@3.6.2:
    resolution: {integrity: sha512-9u/sniCrY3D5WdsERHzHE4G2YCXqoG5FTHUiCC4SIbr6XcLZBY05ya9EKjYek9O5xOAwjGq+1JdGBAS7Q9ScoA==}
    engines: {node: '>= 6'}

  reselect@5.1.1:
    resolution: {integrity: sha512-K/BG6eIky/SBpzfHZv/dd+9JBFiS4SWV7FIujVyJRux6e45+73RaUHXLmIR1f7WOMaQ0U1km6qwklRQxpJJY0w==}

  resolve-pkg-maps@1.0.0:
    resolution: {integrity: sha512-seS2Tj26TBVOC2NIc2rOe2y2ZO7efxITtLZcGSOnHHNOQ7CkiUBfw0Iw2ck6xkIhPwLhKNLS8BO+hEpngQlqzw==}

  restore-cursor@4.0.0:
    resolution: {integrity: sha512-I9fPXU9geO9bHOt9pHHOhOkYerIMsmVaWB0rA2AI9ERh/+x/i7MV5HKBNrg+ljO5eoPVgCcnFuRjJ9uH6I/3eg==}
    engines: {node: ^12.20.0 || ^14.13.1 || >=16.0.0}

  rxjs@7.8.2:
    resolution: {integrity: sha512-dhKf903U/PQZY6boNNtAGdWbG85WAbjT/1xYoZIC7FAY0yWapOBQVsVrDl58W86//e1VpMNBtRV4MaXfdMySFA==}

  safe-buffer@5.2.1:
    resolution: {integrity: sha512-rp3So07KcdmmKbGvgaNxQSJr7bGVSVk5S9Eq1F+ppbRo70+YeaDxkw5Dd8NPN+GD6bjnYm2VuPuCXmpuYvmCXQ==}

  scheduler@0.23.2:
    resolution: {integrity: sha512-UOShsPwz7NrMUqhR6t0hWjFduvOzbtv7toDH1/hIrfRNIDBnnBWd0CwJTGvTpngVlmwGCdP9/Zl/tVrDqcuYzQ==}

  scheduler@0.26.0:
    resolution: {integrity: sha512-NlHwttCI/l5gCPR3D1nNXtWABUmBwvZpEQiD4IXSbIDq8BzLIK/7Ir5gTFSGZDUu37K5cMNp0hFtzO38sC7gWA==}

  semver@7.7.2:
    resolution: {integrity: sha512-RF0Fw+rO5AMf9MAyaRXI4AV0Ulj5lMHqVxxdSgiVbixSCXoEmmX/jk0CuJw4+3SqroYO9VoUh+HcuJivvtJemA==}
    engines: {node: '>=10'}
    hasBin: true

  signal-exit@3.0.7:
    resolution: {integrity: sha512-wnD2ZE+l+SPC/uoS0vXeE9L1+0wuaMqKlfz9AMUo38JsyLSBWSFcHR1Rri62LZc12vLr1gb3jl7iwQhgwpAbGQ==}

  slice-ansi@5.0.0:
    resolution: {integrity: sha512-FC+lgizVPfie0kkhqUScwRu1O/lF6NOgJmlCgK+/LYxDCTk8sGelYaHDhFcDN+Sn3Cv+3VSa4Byeo+IMCzpMgQ==}
    engines: {node: '>=12'}

  slice-ansi@7.1.0:
    resolution: {integrity: sha512-bSiSngZ/jWeX93BqeIAbImyTbEihizcwNjFoRUIY/T1wWQsfsm2Vw1agPKylXvQTU7iASGdHhyqRlqQzfz+Htg==}
    engines: {node: '>=18'}

  sort-object-keys@1.1.3:
    resolution: {integrity: sha512-855pvK+VkU7PaKYPc+Jjnmt4EzejQHyhhF33q31qG8x7maDzkeFhAAThdCYay11CISO+qAMwjOBP+fPZe0IPyg==}

  sort-package-json@3.2.2:
    resolution: {integrity: sha512-twAMvmzOcEPsN3N9zKPDpl6zproGU0JcBOQFU4T6e5wrStH8iuPiAjFz9g+cMRC52eQBUbZlFCeGt+F4vginkw==}
    hasBin: true

  stack-utils@2.0.6:
    resolution: {integrity: sha512-XlkWvfIm6RmsWtNJx+uqtKLS8eqFbxUg0ZzLXqY0caEy9l7hruX8IpiDnjsLavoBgqCCR71TqWO8MaXYheJ3RQ==}
    engines: {node: '>=10'}

  string-width@7.2.0:
    resolution: {integrity: sha512-tsaTIkKW9b4N+AEj+SVA+WhJzV7/zMhcSu78mLKWSk7cXMOSHsBKFWUs0fWwq8QyK3MgJBQRX6Gbi4kYbdvGkQ==}
    engines: {node: '>=18'}

  string_decoder@1.3.0:
    resolution: {integrity: sha512-hkRX8U1WjJFd8LsDJ2yQ/wWWxaopEsABU1XfkM8A+j0+85JAGppt16cr1Whg6KIbb4okU6Mql6BOj+uup/wKeA==}

  strip-ansi@7.1.0:
    resolution: {integrity: sha512-iq6eVVI64nQQTRYq2KtEg2d2uU7LElhTJwsH4YzIHZshxlgZms/wIc4VoDQTlG/IvVIrBKG06CrZnp0qv7hkcQ==}
    engines: {node: '>=12'}

  synckit@0.11.8:
    resolution: {integrity: sha512-+XZ+r1XGIJGeQk3VvXhT6xx/VpbHsRzsTkGgF6E5RX9TTXD0118l87puaEBZ566FhqblC6U0d4XnubznJDm30A==}
    engines: {node: ^14.18.0 || >=16.0.0}

  through2@4.0.2:
    resolution: {integrity: sha512-iOqSav00cVxEEICeD7TjLB1sueEL+81Wpzp2bY17uZjZN0pWZPuo4suZ/61VujxmqSGFfgOcNuTZ85QJwNZQpw==}

  tinyglobby@0.2.14:
    resolution: {integrity: sha512-tX5e7OM1HnYr2+a2C/4V0htOcSQcoSTH9KgJnVvNm5zm/cyEWKJ7j7YutsH9CxMdtOkkLFy2AHrMci9IM8IPZQ==}
    engines: {node: '>=12.0.0'}

  to-rotated@1.0.0:
    resolution: {integrity: sha512-KsEID8AfgUy+pxVRLsWp0VzCa69wxzUDZnzGbyIST/bcgcrMvTYoFBX/QORH4YApoD89EDuUovx4BTdpOn319Q==}
    engines: {node: '>=18'}

  tslib@2.8.1:
    resolution: {integrity: sha512-oJFu94HQb+KVduSUQL7wnpmqnfmLsOA/nAh6b6EH0wCEoK0/mPeXU6c3wKDV83MkOuHPRHtSXKKU99IBazS/2w==}

  tsx@4.20.3:
    resolution: {integrity: sha512-qjbnuR9Tr+FJOMBqJCW5ehvIo/buZq7vH7qD7JziU98h6l3qGy0a/yPFjwO+y0/T7GFpNgNAvEcPPVfyT8rrPQ==}
    engines: {node: '>=18.0.0'}
    hasBin: true

  tunnel-agent@0.6.0:
    resolution: {integrity: sha512-McnNiV1l8RYeY8tBgEpuodCC1mLUdbSN+CYBL7kJsJNInOP8UjDDEwdk6Mw60vdLLrr5NHKZhMAOSrR2NZuQ+w==}

  type-fest@4.41.0:
    resolution: {integrity: sha512-TeTSQ6H5YHvpqVwBRcnLDCBnDOHWYu7IvGbHT6N8AOymcr9PJGjc1GTtiWZTYg0NCgYwvnYWEkVChQAr9bjfwA==}
    engines: {node: '>=16'}

  typescript@5.8.3:
    resolution: {integrity: sha512-p1diW6TqL9L07nNxvRMM7hMMw4c5XOo/1ibL4aAIGmSAt9slTE1Xgw5KWuof2uTOvCg9BY7ZRi+GaF+7sfgPeQ==}
    engines: {node: '>=14.17'}
    hasBin: true

  undici-types@7.8.0:
    resolution: {integrity: sha512-9UJ2xGDvQ43tYyVMpuHlsgApydB8ZKfVYTsLDhXkFL/6gfkp+U8xTGdh8pMJv1SpZna0zxG1DwsKZsreLbXBxw==}

  util-deprecate@1.0.2:
    resolution: {integrity: sha512-EPD5q1uXyFxJpCrLnCc1nHnq3gOa6DZBocAIiI2TaSCA7VCJ1UJDMagCzIkXNsUYfD1daK//LTEQ8xiIbrHtcw==}

  uuid@11.1.0:
    resolution: {integrity: sha512-0/A9rDy9P7cJ+8w1c9WD9V//9Wj15Ce2MPz8Ri6032usz+NfePxx5AcN3bN+r6ZL6jEo066/yNYB3tn4pQEx+A==}
    hasBin: true

  uuid@8.3.2:
    resolution: {integrity: sha512-+NYs2QeMWy+GWFOEm9xnn6HCDp0l7QBD7ml8zLUmJ+93Q5NF0NocErnwkTkXVFNiX3/fpC6afS8Dhb/gz7R7eg==}
    hasBin: true

  widest-line@5.0.0:
    resolution: {integrity: sha512-c9bZp7b5YtRj2wOe6dlj32MK+Bx/M/d+9VB2SHM1OtsUHR0aV0tdP6DWh/iMt0kWi1t5g1Iudu6hQRNd1A4PVA==}
    engines: {node: '>=18'}

  wrap-ansi@9.0.0:
    resolution: {integrity: sha512-G8ura3S+3Z2G+mkgNRq8dqaFZAuxfsxpBB8OCTGRTCtp+l/v9nbFNmCUP1BZMts3G1142MsZfn6eeUKrr4PD1Q==}
    engines: {node: '>=18'}

  ws@8.18.2:
    resolution: {integrity: sha512-DMricUmwGZUVr++AEAe2uiVM7UoO9MAVZMDu05UQOaUII0lp+zOzLLU4Xqh/JvTqklB1T4uELaaPBKyjE1r4fQ==}
    engines: {node: '>=10.0.0'}
    peerDependencies:
      bufferutil: ^4.0.1
      utf-8-validate: '>=5.0.2'
    peerDependenciesMeta:
      bufferutil:
        optional: true
      utf-8-validate:
        optional: true

  xstate@5.20.0:
    resolution: {integrity: sha512-lFQ0fLwVa0OMZnjNP8zUkt2fwIS85ZBNPvxE41APVYhYj0++aTssgmsnTAiBHdKYbgnd6+L8DRTZ9jPZAFPuyw==}

  yoga-layout@3.2.1:
    resolution: {integrity: sha512-0LPOt3AxKqMdFBZA3HBAt/t/8vIKq7VaQYbuA8WxCgung+p9TVyKRYdpvCb80HcdTN2NkbIKbhNwKUfm3tQywQ==}

  zustand@5.0.5:
    resolution: {integrity: sha512-mILtRfKW9xM47hqxGIxCv12gXusoY/xTSHBYApXozR0HmQv299whhBeeAcRy+KrPPybzosvJBCOmVjq6x12fCg==}
    engines: {node: '>=12.20.0'}
    peerDependencies:
      '@types/react': '>=18.0.0'
      immer: '>=9.0.6'
      react: '>=18.0.0'
      use-sync-external-store: '>=1.2.0'
    peerDependenciesMeta:
      '@types/react':
        optional: true
      immer:
        optional: true
      react:
        optional: true
      use-sync-external-store:
        optional: true

snapshots:

  '@alcalzone/ansi-tokenize@0.1.3':
    dependencies:
      ansi-styles: 6.2.1
      is-fullwidth-code-point: 4.0.0

  '@babel/runtime@7.27.6': {}

  '@emnapi/core@1.4.3':
    dependencies:
      '@emnapi/wasi-threads': 1.0.2
      tslib: 2.8.1
    optional: true

  '@emnapi/runtime@1.4.3':
    dependencies:
      tslib: 2.8.1
    optional: true

  '@emnapi/wasi-threads@1.0.2':
    dependencies:
      tslib: 2.8.1
    optional: true

  '@esbuild/aix-ppc64@0.25.5':
    optional: true

  '@esbuild/android-arm64@0.25.5':
    optional: true

  '@esbuild/android-arm@0.25.5':
    optional: true

  '@esbuild/android-x64@0.25.5':
    optional: true

  '@esbuild/darwin-arm64@0.25.5':
    optional: true

  '@esbuild/darwin-x64@0.25.5':
    optional: true

  '@esbuild/freebsd-arm64@0.25.5':
    optional: true

  '@esbuild/freebsd-x64@0.25.5':
    optional: true

  '@esbuild/linux-arm64@0.25.5':
    optional: true

  '@esbuild/linux-arm@0.25.5':
    optional: true

  '@esbuild/linux-ia32@0.25.5':
    optional: true

  '@esbuild/linux-loong64@0.25.5':
    optional: true

  '@esbuild/linux-mips64el@0.25.5':
    optional: true

  '@esbuild/linux-ppc64@0.25.5':
    optional: true

  '@esbuild/linux-riscv64@0.25.5':
    optional: true

  '@esbuild/linux-s390x@0.25.5':
    optional: true

  '@esbuild/linux-x64@0.25.5':
    optional: true

  '@esbuild/netbsd-arm64@0.25.5':
    optional: true

  '@esbuild/netbsd-x64@0.25.5':
    optional: true

  '@esbuild/openbsd-arm64@0.25.5':
    optional: true

  '@esbuild/openbsd-x64@0.25.5':
    optional: true

  '@esbuild/sunos-x64@0.25.5':
    optional: true

  '@esbuild/win32-arm64@0.25.5':
    optional: true

  '@esbuild/win32-ia32@0.25.5':
    optional: true

  '@esbuild/win32-x64@0.25.5':
    optional: true

  '@napi-rs/wasm-runtime@0.2.11':
    dependencies:
      '@emnapi/core': 1.4.3
      '@emnapi/runtime': 1.4.3
      '@tybys/wasm-util': 0.9.0
    optional: true

  '@oxc-parser/binding-android-arm64@0.74.0':
    optional: true

  '@oxc-parser/binding-darwin-arm64@0.74.0':
    optional: true

  '@oxc-parser/binding-darwin-x64@0.74.0':
    optional: true

  '@oxc-parser/binding-freebsd-x64@0.74.0':
    optional: true

  '@oxc-parser/binding-linux-arm-gnueabihf@0.74.0':
    optional: true

  '@oxc-parser/binding-linux-arm-musleabihf@0.74.0':
    optional: true

  '@oxc-parser/binding-linux-arm64-gnu@0.74.0':
    optional: true

  '@oxc-parser/binding-linux-arm64-musl@0.74.0':
    optional: true

  '@oxc-parser/binding-linux-riscv64-gnu@0.74.0':
    optional: true

  '@oxc-parser/binding-linux-s390x-gnu@0.74.0':
    optional: true

  '@oxc-parser/binding-linux-x64-gnu@0.74.0':
    optional: true

  '@oxc-parser/binding-linux-x64-musl@0.74.0':
    optional: true

  '@oxc-parser/binding-wasm32-wasi@0.74.0':
    dependencies:
      '@napi-rs/wasm-runtime': 0.2.11
    optional: true

  '@oxc-parser/binding-win32-arm64-msvc@0.74.0':
    optional: true

  '@oxc-parser/binding-win32-x64-msvc@0.74.0':
    optional: true

  '@oxc-project/types@0.74.0': {}

  '@pkgr/core@0.2.7': {}

  '@prettier/plugin-oxc@0.0.4':
    dependencies:
      oxc-parser: 0.74.0

  '@sanity/client@6.29.1':
    dependencies:
      '@sanity/eventsource': 5.0.2
      get-it: 8.6.9
      rxjs: 7.8.2
    transitivePeerDependencies:
      - debug

  '@sanity/client@7.6.0':
    dependencies:
      '@sanity/eventsource': 5.0.2
      get-it: 8.6.9
      nanoid: 3.3.11
      rxjs: 7.8.2
    transitivePeerDependencies:
      - debug

  '@sanity/comlink@2.0.5':
    dependencies:
      rxjs: 7.8.2
      uuid: 11.1.0
      xstate: 5.20.0

  '@sanity/comlink@3.0.5':
    dependencies:
      rxjs: 7.8.2
      uuid: 11.1.0
      xstate: 5.20.0

  '@sanity/diff-match-patch@3.2.0': {}

  '@sanity/diff-patch@6.0.0':
    dependencies:
      '@sanity/diff-match-patch': 3.2.0

  '@sanity/eventsource@5.0.2':
    dependencies:
      '@types/event-source-polyfill': 1.0.5
      '@types/eventsource': 1.1.15
      event-source-polyfill: 1.0.31
      eventsource: 2.0.2

  '@sanity/media-library-types@1.0.0': {}

  '@sanity/message-protocol@0.12.0':
    dependencies:
      '@sanity/comlink': 2.0.5

  '@sanity/mutate@0.12.4':
    dependencies:
      '@sanity/client': 6.29.1
      '@sanity/diff-match-patch': 3.2.0
      '@sanity/uuid': 3.0.2
      hotscript: 1.0.13
      lodash: 4.17.21
      mendoza: 3.0.8
      nanoid: 5.1.5
      rxjs: 7.8.2
    transitivePeerDependencies:
      - debug

  '@sanity/prettier-config@2.0.0(prettier@3.6.1)':
    dependencies:
      '@prettier/plugin-oxc': 0.0.4
      prettier: 3.6.1
      prettier-plugin-packagejson: 2.5.16(prettier@3.6.1)

  '@sanity/sdk-react@2.0.1(@types/react@19.1.8)(react-dom@19.1.0(react@19.1.0))(react@19.1.0)':
    dependencies:
      '@sanity/client': 7.6.0
      '@sanity/message-protocol': 0.12.0
      '@sanity/sdk': 2.0.1(@types/react@19.1.8)(react@19.1.0)
      '@sanity/types': 3.95.0(@types/react@19.1.8)
      '@types/lodash-es': 4.17.12
      groq: 3.88.1-typegen-experimental.0
      lodash-es: 4.17.21
      react: 19.1.0
      react-compiler-runtime: 19.1.0-rc.1(react@19.1.0)
      react-dom: 19.1.0(react@19.1.0)
      react-error-boundary: 5.0.0(react@19.1.0)
      rxjs: 7.8.2
    transitivePeerDependencies:
      - '@types/react'
      - debug
      - immer
      - use-sync-external-store

  '@sanity/sdk@2.0.1(@types/react@19.1.8)(react@19.1.0)':
    dependencies:
      '@sanity/client': 7.6.0
      '@sanity/comlink': 3.0.5
      '@sanity/diff-match-patch': 3.2.0
      '@sanity/diff-patch': 6.0.0
      '@sanity/message-protocol': 0.12.0
      '@sanity/mutate': 0.12.4
      '@sanity/types': 3.95.0(@types/react@19.1.8)
      groq: 3.88.1-typegen-experimental.0
      lodash-es: 4.17.21
      reselect: 5.1.1
      rxjs: 7.8.2
      zustand: 5.0.5(@types/react@19.1.8)(react@19.1.0)
    transitivePeerDependencies:
      - '@types/react'
      - debug
      - immer
      - react
      - use-sync-external-store

  '@sanity/types@3.95.0(@types/react@19.1.8)':
    dependencies:
      '@sanity/client': 7.6.0
      '@sanity/media-library-types': 1.0.0
      '@types/react': 19.1.8
    transitivePeerDependencies:
      - debug

  '@sanity/uuid@3.0.2':
    dependencies:
      '@types/uuid': 8.3.4
      uuid: 8.3.2

  '@tybys/wasm-util@0.9.0':
    dependencies:
      tslib: 2.8.1
    optional: true

  '@types/event-source-polyfill@1.0.5': {}

  '@types/eventsource@1.1.15': {}

  '@types/follow-redirects@1.14.4':
    dependencies:
      '@types/node': 24.0.4

  '@types/lodash-es@4.17.12':
    dependencies:
      '@types/lodash': 4.17.19

  '@types/lodash@4.17.19': {}

  '@types/node@24.0.4':
    dependencies:
      undici-types: 7.8.0

  '@types/react@19.1.8':
    dependencies:
      csstype: 3.1.3

  '@types/uuid@8.3.4': {}

  ansi-escapes@7.0.0:
    dependencies:
      environment: 1.1.0

  ansi-regex@6.1.0: {}

  ansi-styles@6.2.1: {}

  auto-bind@5.0.1: {}

  chalk@5.4.1: {}

  cli-boxes@3.0.0: {}

  cli-cursor@4.0.0:
    dependencies:
      restore-cursor: 4.0.0

  cli-truncate@4.0.0:
    dependencies:
      slice-ansi: 5.0.0
      string-width: 7.2.0

  code-excerpt@4.0.0:
    dependencies:
      convert-to-spaces: 2.0.1

  convert-to-spaces@2.0.1: {}

  csstype@3.1.3: {}

  decompress-response@7.0.0:
    dependencies:
      mimic-response: 3.1.0

  detect-indent@7.0.1: {}

  detect-newline@4.0.1: {}

  dotenv@16.5.0: {}

  emoji-regex@10.4.0: {}

  environment@1.1.0: {}

  es-toolkit@1.39.5: {}

  esbuild@0.25.5:
    optionalDependencies:
      '@esbuild/aix-ppc64': 0.25.5
      '@esbuild/android-arm': 0.25.5
      '@esbuild/android-arm64': 0.25.5
      '@esbuild/android-x64': 0.25.5
      '@esbuild/darwin-arm64': 0.25.5
      '@esbuild/darwin-x64': 0.25.5
      '@esbuild/freebsd-arm64': 0.25.5
      '@esbuild/freebsd-x64': 0.25.5
      '@esbuild/linux-arm': 0.25.5
      '@esbuild/linux-arm64': 0.25.5
      '@esbuild/linux-ia32': 0.25.5
      '@esbuild/linux-loong64': 0.25.5
      '@esbuild/linux-mips64el': 0.25.5
      '@esbuild/linux-ppc64': 0.25.5
      '@esbuild/linux-riscv64': 0.25.5
      '@esbuild/linux-s390x': 0.25.5
      '@esbuild/linux-x64': 0.25.5
      '@esbuild/netbsd-arm64': 0.25.5
      '@esbuild/netbsd-x64': 0.25.5
      '@esbuild/openbsd-arm64': 0.25.5
      '@esbuild/openbsd-x64': 0.25.5
      '@esbuild/sunos-x64': 0.25.5
      '@esbuild/win32-arm64': 0.25.5
      '@esbuild/win32-ia32': 0.25.5
      '@esbuild/win32-x64': 0.25.5

  escape-string-regexp@2.0.0: {}

  event-source-polyfill@1.0.31: {}

  eventsource@2.0.2: {}

  fdir@6.4.6(picomatch@4.0.2):
    optionalDependencies:
      picomatch: 4.0.2

  figures@6.1.0:
    dependencies:
      is-unicode-supported: 2.1.0

  follow-redirects@1.15.9: {}

  fsevents@2.3.3:
    optional: true

  get-east-asian-width@1.3.0: {}

  get-it@8.6.9:
    dependencies:
      '@types/follow-redirects': 1.14.4
      decompress-response: 7.0.0
      follow-redirects: 1.15.9
      is-retry-allowed: 2.2.0
      through2: 4.0.2
      tunnel-agent: 0.6.0
    transitivePeerDependencies:
      - debug

  get-tsconfig@4.10.1:
    dependencies:
      resolve-pkg-maps: 1.0.0

  git-hooks-list@4.1.1: {}

  groq@3.88.1-typegen-experimental.0: {}

  hotscript@1.0.13: {}

  indent-string@5.0.0: {}

  inherits@2.0.4: {}

  ink-select-input@6.2.0(ink@6.0.1(@types/react@19.1.8)(react@19.1.0))(react@19.1.0):
    dependencies:
      figures: 6.1.0
      ink: 6.0.1(@types/react@19.1.8)(react@19.1.0)
      react: 19.1.0
      to-rotated: 1.0.0

  ink@6.0.1(@types/react@19.1.8)(react@19.1.0):
    dependencies:
      '@alcalzone/ansi-tokenize': 0.1.3
      ansi-escapes: 7.0.0
      ansi-styles: 6.2.1
      auto-bind: 5.0.1
      chalk: 5.4.1
      cli-boxes: 3.0.0
      cli-cursor: 4.0.0
      cli-truncate: 4.0.0
      code-excerpt: 4.0.0
      es-toolkit: 1.39.5
      indent-string: 5.0.0
      is-in-ci: 1.0.0
      patch-console: 2.0.0
      react: 19.1.0
      react-reconciler: 0.32.0(react@19.1.0)
      scheduler: 0.23.2
      signal-exit: 3.0.7
      slice-ansi: 7.1.0
      stack-utils: 2.0.6
      string-width: 7.2.0
      type-fest: 4.41.0
      widest-line: 5.0.0
      wrap-ansi: 9.0.0
      ws: 8.18.2
      yoga-layout: 3.2.1
    optionalDependencies:
      '@types/react': 19.1.8
    transitivePeerDependencies:
      - bufferutil
      - utf-8-validate

  is-fullwidth-code-point@4.0.0: {}

  is-fullwidth-code-point@5.0.0:
    dependencies:
      get-east-asian-width: 1.3.0

  is-in-ci@1.0.0: {}

  is-plain-obj@4.1.0: {}

  is-retry-allowed@2.2.0: {}

  is-unicode-supported@2.1.0: {}

  js-tokens@4.0.0: {}

  lodash-es@4.17.21: {}

  lodash@4.17.21: {}

  loose-envify@1.4.0:
    dependencies:
      js-tokens: 4.0.0

  mendoza@3.0.8: {}

  mimic-fn@2.1.0: {}

  mimic-response@3.1.0: {}

  nanoid@3.3.11: {}

  nanoid@5.1.5: {}

  onetime@5.1.2:
    dependencies:
      mimic-fn: 2.1.0

  oxc-parser@0.74.0:
    dependencies:
      '@oxc-project/types': 0.74.0
    optionalDependencies:
      '@oxc-parser/binding-android-arm64': 0.74.0
      '@oxc-parser/binding-darwin-arm64': 0.74.0
      '@oxc-parser/binding-darwin-x64': 0.74.0
      '@oxc-parser/binding-freebsd-x64': 0.74.0
      '@oxc-parser/binding-linux-arm-gnueabihf': 0.74.0
      '@oxc-parser/binding-linux-arm-musleabihf': 0.74.0
      '@oxc-parser/binding-linux-arm64-gnu': 0.74.0
      '@oxc-parser/binding-linux-arm64-musl': 0.74.0
      '@oxc-parser/binding-linux-riscv64-gnu': 0.74.0
      '@oxc-parser/binding-linux-s390x-gnu': 0.74.0
      '@oxc-parser/binding-linux-x64-gnu': 0.74.0
      '@oxc-parser/binding-linux-x64-musl': 0.74.0
      '@oxc-parser/binding-wasm32-wasi': 0.74.0
      '@oxc-parser/binding-win32-arm64-msvc': 0.74.0
      '@oxc-parser/binding-win32-x64-msvc': 0.74.0

  patch-console@2.0.0: {}

  picomatch@4.0.2: {}

  prettier-plugin-packagejson@2.5.16(prettier@3.6.1):
    dependencies:
      sort-package-json: 3.2.2
      synckit: 0.11.8
    optionalDependencies:
      prettier: 3.6.1

  prettier@3.6.1: {}

  react-compiler-runtime@19.1.0-rc.1(react@19.1.0):
    dependencies:
      react: 19.1.0

  react-dom@19.1.0(react@19.1.0):
    dependencies:
      react: 19.1.0
      scheduler: 0.26.0

  react-error-boundary@5.0.0(react@19.1.0):
    dependencies:
      '@babel/runtime': 7.27.6
      react: 19.1.0

  react-reconciler@0.32.0(react@19.1.0):
    dependencies:
      react: 19.1.0
      scheduler: 0.26.0

  react@19.1.0: {}

  readable-stream@3.6.2:
    dependencies:
      inherits: 2.0.4
      string_decoder: 1.3.0
      util-deprecate: 1.0.2

  reselect@5.1.1: {}

  resolve-pkg-maps@1.0.0: {}

  restore-cursor@4.0.0:
    dependencies:
      onetime: 5.1.2
      signal-exit: 3.0.7

  rxjs@7.8.2:
    dependencies:
      tslib: 2.8.1

  safe-buffer@5.2.1: {}

  scheduler@0.23.2:
    dependencies:
      loose-envify: 1.4.0

  scheduler@0.26.0: {}

  semver@7.7.2: {}

  signal-exit@3.0.7: {}

  slice-ansi@5.0.0:
    dependencies:
      ansi-styles: 6.2.1
      is-fullwidth-code-point: 4.0.0

  slice-ansi@7.1.0:
    dependencies:
      ansi-styles: 6.2.1
      is-fullwidth-code-point: 5.0.0

  sort-object-keys@1.1.3: {}

  sort-package-json@3.2.2:
    dependencies:
      detect-indent: 7.0.1
      detect-newline: 4.0.1
      git-hooks-list: 4.1.1
      is-plain-obj: 4.1.0
      semver: 7.7.2
      sort-object-keys: 1.1.3
      tinyglobby: 0.2.14

  stack-utils@2.0.6:
    dependencies:
      escape-string-regexp: 2.0.0

  string-width@7.2.0:
    dependencies:
      emoji-regex: 10.4.0
      get-east-asian-width: 1.3.0
      strip-ansi: 7.1.0

  string_decoder@1.3.0:
    dependencies:
      safe-buffer: 5.2.1

  strip-ansi@7.1.0:
    dependencies:
      ansi-regex: 6.1.0

  synckit@0.11.8:
    dependencies:
      '@pkgr/core': 0.2.7

  through2@4.0.2:
    dependencies:
      readable-stream: 3.6.2

  tinyglobby@0.2.14:
    dependencies:
      fdir: 6.4.6(picomatch@4.0.2)
      picomatch: 4.0.2

  to-rotated@1.0.0: {}

  tslib@2.8.1: {}

  tsx@4.20.3:
    dependencies:
      esbuild: 0.25.5
      get-tsconfig: 4.10.1
    optionalDependencies:
      fsevents: 2.3.3

  tunnel-agent@0.6.0:
    dependencies:
      safe-buffer: 5.2.1

  type-fest@4.41.0: {}

  typescript@5.8.3: {}

  undici-types@7.8.0: {}

  util-deprecate@1.0.2: {}

  uuid@11.1.0: {}

  uuid@8.3.2: {}

  widest-line@5.0.0:
    dependencies:
      string-width: 7.2.0

  wrap-ansi@9.0.0:
    dependencies:
      ansi-styles: 6.2.1
      string-width: 7.2.0
      strip-ansi: 7.1.0

  ws@8.18.2: {}

  xstate@5.20.0: {}

  yoga-layout@3.2.1: {}

  zustand@5.0.5(@types/react@19.1.8)(react@19.1.0):
    optionalDependencies:
      '@types/react': 19.1.8
      react: 19.1.0
